// !$*UTF8*$!
{
	archiveVersion = 1;
	classes = {
	};
	objectVersion = 56;
	objects = {

/* Begin PBXBuildFile section */
		F5E716962D14FA65004EB2C9 /* AppDelegate.m in Sources */ = {isa = PBXBuildFile; fileRef = F5E716952D14FA65004EB2C9 /* AppDelegate.m */; };
		F5E716992D14FA65004EB2C9 /* SceneDelegate.m in Sources */ = {isa = PBXBuildFile; fileRef = F5E716982D14FA65004EB2C9 /* SceneDelegate.m */; };
		F5E7169C2D14FA65004EB2C9 /* ViewController.m in Sources */ = {isa = PBXBuildFile; fileRef = F5E7169B2D14FA65004EB2C9 /* ViewController.m */; };
		F5E7169F2D14FA65004EB2C9 /* Main.storyboard in Resources */ = {isa = PBXBuildFile; fileRef = F5E7169D2D14FA65004EB2C9 /* Main.storyboard */; };
		F5E716A12D14FA67004EB2C9 /* Assets.xcassets in Resources */ = {isa = PBXBuildFile; fileRef = F5E716A02D14FA67004EB2C9 /* Assets.xcassets */; };
		F5E716A42D14FA67004EB2C9 /* LaunchScreen.storyboard in Resources */ = {isa = PBXBuildFile; fileRef = F5E716A22D14FA67004EB2C9 /* LaunchScreen.storyboard */; };
		F5E716A72D14FA67004EB2C9 /* main.m in Sources */ = {isa = PBXBuildFile; fileRef = F5E716A62D14FA67004EB2C9 /* main.m */; };
		F5E716B12D14FA67004EB2C9 /* SideProjectTests.m in Sources */ = {isa = PBXBuildFile; fileRef = F5E716B02D14FA67004EB2C9 /* SideProjectTests.m */; };
		F5E716BB2D14FA67004EB2C9 /* SideProjectUITests.m in Sources */ = {isa = PBXBuildFile; fileRef = F5E716BA2D14FA67004EB2C9 /* SideProjectUITests.m */; };
		F5E716BD2D14FA67004EB2C9 /* SideProjectUITestsLaunchTests.m in Sources */ = {isa = PBXBuildFile; fileRef = F5E716BC2D14FA67004EB2C9 /* SideProjectUITestsLaunchTests.m */; };
/* End PBXBuildFile section */

/* Begin PBXContainerItemProxy section */
		F5E716AD2D14FA67004EB2C9 /* PBXContainerItemProxy */ = {
			isa = PBXContainerItemProxy;
			containerPortal = F5E716892D14FA65004EB2C9 /* Project object */;
			proxyType = 1;
			remoteGlobalIDString = F5E716902D14FA65004EB2C9;
			remoteInfo = SideProject;
		};
		F5E716B72D14FA67004EB2C9 /* PBXContainerItemProxy */ = {
			isa = PBXContainerItemProxy;
			containerPortal = F5E716892D14FA65004EB2C9 /* Project object */;
			proxyType = 1;
			remoteGlobalIDString = F5E716902D14FA65004EB2C9;
			remoteInfo = SideProject;
		};
/* End PBXContainerItemProxy section */

/* Begin PBXFileReference section */
		F5E716912D14FA65004EB2C9 /* SideProject.app */ = {isa = PBXFileReference; explicitFileType = wrapper.application; includeInIndex = 0; path = SideProject.app; sourceTree = BUILT_PRODUCTS_DIR; };
		F5E716942D14FA65004EB2C9 /* AppDelegate.h */ = {isa = PBXFileReference; lastKnownFileType = sourcecode.c.h; path = AppDelegate.h; sourceTree = "<group>"; };
		F5E716952D14FA65004EB2C9 /* AppDelegate.m */ = {isa = PBXFileReference; lastKnownFileType = sourcecode.c.objc; path = AppDelegate.m; sourceTree = "<group>"; };
		F5E716972D14FA65004EB2C9 /* SceneDelegate.h */ = {isa = PBXFileReference; lastKnownFileType = sourcecode.c.h; path = SceneDelegate.h; sourceTree = "<group>"; };
		F5E716982D14FA65004EB2C9 /* SceneDelegate.m */ = {isa = PBXFileReference; lastKnownFileType = sourcecode.c.objc; path = SceneDelegate.m; sourceTree = "<group>"; };
		F5E7169A2D14FA65004EB2C9 /* ViewController.h */ = {isa = PBXFileReference; lastKnownFileType = sourcecode.c.h; path = ViewController.h; sourceTree = "<group>"; };
		F5E7169B2D14FA65004EB2C9 /* ViewController.m */ = {isa = PBXFileReference; lastKnownFileType = sourcecode.c.objc; path = ViewController.m; sourceTree = "<group>"; };
		F5E7169E2D14FA65004EB2C9 /* Base */ = {isa = PBXFileReference; lastKnownFileType = file.storyboard; name = Base; path = Base.lproj/Main.storyboard; sourceTree = "<group>"; };
		F5E716A02D14FA67004EB2C9 /* Assets.xcassets */ = {isa = PBXFileReference; lastKnownFileType = folder.assetcatalog; path = Assets.xcassets; sourceTree = "<group>"; };
		F5E716A32D14FA67004EB2C9 /* Base */ = {isa = PBXFileReference; lastKnownFileType = file.storyboard; name = Base; path = Base.lproj/LaunchScreen.storyboard; sourceTree = "<group>"; };
		F5E716A52D14FA67004EB2C9 /* Info.plist */ = {isa = PBXFileReference; lastKnownFileType = text.plist.xml; path = Info.plist; sourceTree = "<group>"; };
		F5E716A62D14FA67004EB2C9 /* main.m */ = {isa = PBXFileReference; lastKnownFileType = sourcecode.c.objc; path = main.m; sourceTree = "<group>"; };
		F5E716AC2D14FA67004EB2C9 /* SideProjectTests.xctest */ = {isa = PBXFileReference; explicitFileType = wrapper.cfbundle; includeInIndex = 0; path = SideProjectTests.xctest; sourceTree = BUILT_PRODUCTS_DIR; };
		F5E716B02D14FA67004EB2C9 /* SideProjectTests.m */ = {isa = PBXFileReference; lastKnownFileType = sourcecode.c.objc; path = SideProjectTests.m; sourceTree = "<group>"; };
		F5E716B62D14FA67004EB2C9 /* SideProjectUITests.xctest */ = {isa = PBXFileReference; explicitFileType = wrapper.cfbundle; includeInIndex = 0; path = SideProjectUITests.xctest; sourceTree = BUILT_PRODUCTS_DIR; };
		F5E716BA2D14FA67004EB2C9 /* SideProjectUITests.m */ = {isa = PBXFileReference; lastKnownFileType = sourcecode.c.objc; path = SideProjectUITests.m; sourceTree = "<group>"; };
		F5E716BC2D14FA67004EB2C9 /* SideProjectUITestsLaunchTests.m */ = {isa = PBXFileReference; lastKnownFileType = sourcecode.c.objc; path = SideProjectUITestsLaunchTests.m; sourceTree = "<group>"; };
/* End PBXFileReference section */

/* Begin PBXFrameworksBuildPhase section */
		F5E7168E2D14FA65004EB2C9 /* Frameworks */ = {
			isa = PBXFrameworksBuildPhase;
			buildActionMask = 2147483647;
			files = (
			);
			runOnlyForDeploymentPostprocessing = 0;
		};
		F5E716A92D14FA67004EB2C9 /* Frameworks */ = {
			isa = PBXFrameworksBuildPhase;
			buildActionMask = 2147483647;
			files = (
			);
			runOnlyForDeploymentPostprocessing = 0;
		};
		F5E716B32D14FA67004EB2C9 /* Frameworks */ = {
			isa = PBXFrameworksBuildPhase;
			buildActionMask = 2147483647;
			files = (
			);
			runOnlyForDeploymentPostprocessing = 0;
		};
/* End PBXFrameworksBuildPhase section */

/* Begin PBXGroup section */
		F5E716882D14FA65004EB2C9 = {
			isa = PBXGroup;
			children = (
				F5E716932D14FA65004EB2C9 /* SideProject */,
				F5E716AF2D14FA67004EB2C9 /* SideProjectTests */,
				F5E716B92D14FA67004EB2C9 /* SideProjectUITests */,
				F5E716922D14FA65004EB2C9 /* Products */,
			);
			sourceTree = "<group>";
		};
		F5E716922D14FA65004EB2C9 /* Products */ = {
			isa = PBXGroup;
			children = (
				F5E716912D14FA65004EB2C9 /* SideProject.app */,
				F5E716AC2D14FA67004EB2C9 /* SideProjectTests.xctest */,
				F5E716B62D14FA67004EB2C9 /* SideProjectUITests.xctest */,
			);
			name = Products;
			sourceTree = "<group>";
		};
		F5E716932D14FA65004EB2C9 /* SideProject */ = {
			isa = PBXGroup;
			children = (
				F5E716942D14FA65004EB2C9 /* AppDelegate.h */,
				F5E716952D14FA65004EB2C9 /* AppDelegate.m */,
				F5E716972D14FA65004EB2C9 /* SceneDelegate.h */,
				F5E716982D14FA65004EB2C9 /* SceneDelegate.m */,
				F5E7169A2D14FA65004EB2C9 /* ViewController.h */,
				F5E7169B2D14FA65004EB2C9 /* ViewController.m */,
				F5E7169D2D14FA65004EB2C9 /* Main.storyboard */,
				F5E716A02D14FA67004EB2C9 /* Assets.xcassets */,
				F5E716A22D14FA67004EB2C9 /* LaunchScreen.storyboard */,
				F5E716A52D14FA67004EB2C9 /* Info.plist */,
				F5E716A62D14FA67004EB2C9 /* main.m */,
			);
			path = SideProject;
			sourceTree = "<group>";
		};
		F5E716AF2D14FA67004EB2C9 /* SideProjectTests */ = {
			isa = PBXGroup;
			children = (
				F5E716B02D14FA67004EB2C9 /* SideProjectTests.m */,
			);
			path = SideProjectTests;
			sourceTree = "<group>";
		};
		F5E716B92D14FA67004EB2C9 /* SideProjectUITests */ = {
			isa = PBXGroup;
			children = (
				F5E716BA2D14FA67004EB2C9 /* SideProjectUITests.m */,
				F5E716BC2D14FA67004EB2C9 /* SideProjectUITestsLaunchTests.m */,
			);
			path = SideProjectUITests;
			sourceTree = "<group>";
		};
/* End PBXGroup section */

/* Begin PBXNativeTarget section */
		F5E716902D14FA65004EB2C9 /* SideProject */ = {
			isa = PBXNativeTarget;
			buildConfigurationList = F5E716C02D14FA67004EB2C9 /* Build configuration list for PBXNativeTarget "SideProject" */;
			buildPhases = (
				F5E7168D2D14FA65004EB2C9 /* Sources */,
				F5E7168E2D14FA65004EB2C9 /* Frameworks */,
				F5E7168F2D14FA65004EB2C9 /* Resources */,
			);
			buildRules = (
			);
			dependencies = (
			);
			name = SideProject;
			productName = SideProject;
			productReference = F5E716912D14FA65004EB2C9 /* SideProject.app */;
			productType = "com.apple.product-type.application";
		};
		F5E716AB2D14FA67004EB2C9 /* SideProjectTests */ = {
			isa = PBXNativeTarget;
			buildConfigurationList = F5E716C32D14FA67004EB2C9 /* Build configuration list for PBXNativeTarget "SideProjectTests" */;
			buildPhases = (
				F5E716A82D14FA67004EB2C9 /* Sources */,
				F5E716A92D14FA67004EB2C9 /* Frameworks */,
				F5E716AA2D14FA67004EB2C9 /* Resources */,
			);
			buildRules = (
			);
			dependencies = (
				F5E716AE2D14FA67004EB2C9 /* PBXTargetDependency */,
			);
			name = SideProjectTests;
			productName = SideProjectTests;
			productReference = F5E716AC2D14FA67004EB2C9 /* SideProjectTests.xctest */;
			productType = "com.apple.product-type.bundle.unit-test";
		};
		F5E716B52D14FA67004EB2C9 /* SideProjectUITests */ = {
			isa = PBXNativeTarget;
			buildConfigurationList = F5E716C62D14FA67004EB2C9 /* Build configuration list for PBXNativeTarget "SideProjectUITests" */;
			buildPhases = (
				F5E716B22D14FA67004EB2C9 /* Sources */,
				F5E716B32D14FA67004EB2C9 /* Frameworks */,
				F5E716B42D14FA67004EB2C9 /* Resources */,
			);
			buildRules = (
			);
			dependencies = (
				F5E716B82D14FA67004EB2C9 /* PBXTargetDependency */,
			);
			name = SideProjectUITests;
			productName = SideProjectUITests;
			productReference = F5E716B62D14FA67004EB2C9 /* SideProjectUITests.xctest */;
			productType = "com.apple.product-type.bundle.ui-testing";
		};
/* End PBXNativeTarget section */

/* Begin PBXProject section */
		F5E716892D14FA65004EB2C9 /* Project object */ = {
			isa = PBXProject;
			attributes = {
				BuildIndependentTargetsInParallel = 1;
				LastUpgradeCheck = 1400;
				TargetAttributes = {
					F5E716902D14FA65004EB2C9 = {
						CreatedOnToolsVersion = 14.0.1;
					};
					F5E716AB2D14FA67004EB2C9 = {
						CreatedOnToolsVersion = 14.0.1;
						TestTargetID = F5E716902D14FA65004EB2C9;
					};
					F5E716B52D14FA67004EB2C9 = {
						CreatedOnToolsVersion = 14.0.1;
						TestTargetID = F5E716902D14FA65004EB2C9;
					};
				};
			};
			buildConfigurationList = F5E7168C2D14FA65004EB2C9 /* Build configuration list for PBXProject "SideProject" */;
			compatibilityVersion = "Xcode 14.0";
			developmentRegion = en;
			hasScannedForEncodings = 0;
			knownRegions = (
				en,
				Base,
			);
			mainGroup = F5E716882D14FA65004EB2C9;
			productRefGroup = F5E716922D14FA65004EB2C9 /* Products */;
			projectDirPath = "";
			projectRoot = "";
			targets = (
				F5E716902D14FA65004EB2C9 /* SideProject */,
				F5E716AB2D14FA67004EB2C9 /* SideProjectTests */,
				F5E716B52D14FA67004EB2C9 /* SideProjectUITests */,
			);
		};
/* End PBXProject section */

/* Begin PBXResourcesBuildPhase section */
		F5E7168F2D14FA65004EB2C9 /* Resources */ = {
			isa = PBXResourcesBuildPhase;
			buildActionMask = 2147483647;
			files = (
				F5E716A42D14FA67004EB2C9 /* LaunchScreen.storyboard in Resources */,
				F5E716A12D14FA67004EB2C9 /* Assets.xcassets in Resources */,
				F5E7169F2D14FA65004EB2C9 /* Main.storyboard in Resources */,
			);
			runOnlyForDeploymentPostprocessing = 0;
		};
		F5E716AA2D14FA67004EB2C9 /* Resources */ = {
			isa = PBXResourcesBuildPhase;
			buildActionMask = 2147483647;
			files = (
			);
			runOnlyForDeploymentPostprocessing = 0;
		};
		F5E716B42D14FA67004EB2C9 /* Resources */ = {
			isa = PBXResourcesBuildPhase;
			buildActionMask = 2147483647;
			files = (
			);
			runOnlyForDeploymentPostprocessing = 0;
		};
/* End PBXResourcesBuildPhase section */

/* Begin PBXSourcesBuildPhase section */
		F5E7168D2D14FA65004EB2C9 /* Sources */ = {
			isa = PBXSourcesBuildPhase;
			buildActionMask = 2147483647;
			files = (
				F5E7169C2D14FA65004EB2C9 /* ViewController.m in Sources */,
				F5E716962D14FA65004EB2C9 /* AppDelegate.m in Sources */,
				F5E716A72D14FA67004EB2C9 /* main.m in Sources */,
				F5E716992D14FA65004EB2C9 /* SceneDelegate.m in Sources */,
			);
			runOnlyForDeploymentPostprocessing = 0;
		};
		F5E716A82D14FA67004EB2C9 /* Sources */ = {
			isa = PBXSourcesBuildPhase;
			buildActionMask = 2147483647;
			files = (
				F5E716B12D14FA67004EB2C9 /* SideProjectTests.m in Sources */,
			);
			runOnlyForDeploymentPostprocessing = 0;
		};
		F5E716B22D14FA67004EB2C9 /* Sources */ = {
			isa = PBXSourcesBuildPhase;
			buildActionMask = 2147483647;
			files = (
				F5E716BB2D14FA67004EB2C9 /* SideProjectUITests.m in Sources */,
				F5E716BD2D14FA67004EB2C9 /* SideProjectUITestsLaunchTests.m in Sources */,
			);
			runOnlyForDeploymentPostprocessing = 0;
		};
/* End PBXSourcesBuildPhase section */

/* Begin PBXTargetDependency section */
		F5E716AE2D14FA67004EB2C9 /* PBXTargetDependency */ = {
			isa = PBXTargetDependency;
			target = F5E716902D14FA65004EB2C9 /* SideProject */;
			targetProxy = F5E716AD2D14FA67004EB2C9 /* PBXContainerItemProxy */;
		};
		F5E716B82D14FA67004EB2C9 /* PBXTargetDependency */ = {
			isa = PBXTargetDependency;
			target = F5E716902D14FA65004EB2C9 /* SideProject */;
			targetProxy = F5E716B72D14FA67004EB2C9 /* PBXContainerItemProxy */;
		};
/* End PBXTargetDependency section */

/* Begin PBXVariantGroup section */
		F5E7169D2D14FA65004EB2C9 /* Main.storyboard */ = {
			isa = PBXVariantGroup;
			children = (
				F5E7169E2D14FA65004EB2C9 /* Base */,
			);
			name = Main.storyboard;
			sourceTree = "<group>";
		};
		F5E716A22D14FA67004EB2C9 /* LaunchScreen.storyboard */ = {
			isa = PBXVariantGroup;
			children = (
				F5E716A32D14FA67004EB2C9 /* Base */,
			);
			name = LaunchScreen.storyboard;
			sourceTree = "<group>";
		};
/* End PBXVariantGroup section */

/* Begin XCBuildConfiguration section */
		F5E716BE2D14FA67004EB2C9 /* Debug */ = {
			isa = XCBuildConfiguration;
			buildSettings = {
				ALWAYS_SEARCH_USER_PATHS = NO;
				CLANG_ANALYZER_NONNULL = YES;
				CLANG_ANALYZER_NUMBER_OBJECT_CONVERSION = YES_AGGRESSIVE;
				CLANG_CXX_LANGUAGE_STANDARD = "gnu++20";
				CLANG_ENABLE_MODULES = YES;
				CLANG_ENABLE_OBJC_ARC = YES;
				CLANG_ENABLE_OBJC_WEAK = YES;
				CLANG_WARN_BLOCK_CAPTURE_AUTORELEASING = YES;
				CLANG_WARN_BOOL_CONVERSION = YES;
				CLANG_WARN_COMMA = YES;
				CLANG_WARN_CONSTANT_CONVERSION = YES;
				CLANG_WARN_DEPRECATED_OBJC_IMPLEMENTATIONS = YES;
				CLANG_WARN_DIRECT_OBJC_ISA_USAGE = YES_ERROR;
				CLANG_WARN_DOCUMENTATION_COMMENTS = YES;
				CLANG_WARN_EMPTY_BODY = YES;
				CLANG_WARN_ENUM_CONVERSION = YES;
				CLANG_WARN_INFINITE_RECURSION = YES;
				CLANG_WARN_INT_CONVERSION = YES;
				CLANG_WARN_NON_LITERAL_NULL_CONVERSION = YES;
				CLANG_WARN_OBJC_IMPLICIT_RETAIN_SELF = YES;
				CLANG_WARN_OBJC_LITERAL_CONVERSION = YES;
				CLANG_WARN_OBJC_ROOT_CLASS = YES_ERROR;
				CLANG_WARN_QUOTED_INCLUDE_IN_FRAMEWORK_HEADER = YES;
				CLANG_WARN_RANGE_LOOP_ANALYSIS = YES;
				CLANG_WARN_STRICT_PROTOTYPES = YES;
				CLANG_WARN_SUSPICIOUS_MOVE = YES;
				CLANG_WARN_UNGUARDED_AVAILABILITY = YES_AGGRESSIVE;
				CLANG_WARN_UNREACHABLE_CODE = YES;
				CLANG_WARN__DUPLICATE_METHOD_MATCH = YES;
				COPY_PHASE_STRIP = NO;
				DEBUG_INFORMATION_FORMAT = dwarf;
				ENABLE_STRICT_OBJC_MSGSEND = YES;
				ENABLE_TESTABILITY = YES;
				GCC_C_LANGUAGE_STANDARD = gnu11;
				GCC_DYNAMIC_NO_PIC = NO;
				GCC_NO_COMMON_BLOCKS = YES;
				GCC_OPTIMIZATION_LEVEL = 0;
				GCC_PREPROCESSOR_DEFINITIONS = (
					"DEBUG=1",
					"$(inherited)",
				);
				GCC_WARN_64_TO_32_BIT_CONVERSION = YES;
				GCC_WARN_ABOUT_RETURN_TYPE = YES_ERROR;
				GCC_WARN_UNDECLARED_SELECTOR = YES;
				GCC_WARN_UNINITIALIZED_AUTOS = YES_AGGRESSIVE;
				GCC_WARN_UNUSED_FUNCTION = YES;
				GCC_WARN_UNUSED_VARIABLE = YES;
				IPHONEOS_DEPLOYMENT_TARGET = 16.0;
				MTL_ENABLE_DEBUG_INFO = INCLUDE_SOURCE;
				MTL_FAST_MATH = YES;
				ONLY_ACTIVE_ARCH = YES;
				SDKROOT = iphoneos;
			};
			name = Debug;
		};
		F5E716BF2D14FA67004EB2C9 /* Release */ = {
			isa = XCBuildConfiguration;
			buildSettings = {
				ALWAYS_SEARCH_USER_PATHS = NO;
				CLANG_ANALYZER_NONNULL = YES;
				CLANG_ANALYZER_NUMBER_OBJECT_CONVERSION = YES_AGGRESSIVE;
				CLANG_CXX_LANGUAGE_STANDARD = "gnu++20";
				CLANG_ENABLE_MODULES = YES;
				CLANG_ENABLE_OBJC_ARC = YES;
				CLANG_ENABLE_OBJC_WEAK = YES;
				CLANG_WARN_BLOCK_CAPTURE_AUTORELEASING = YES;
				CLANG_WARN_BOOL_CONVERSION = YES;
				CLANG_WARN_COMMA = YES;
				CLANG_WARN_CONSTANT_CONVERSION = YES;
				CLANG_WARN_DEPRECATED_OBJC_IMPLEMENTATIONS = YES;
				CLANG_WARN_DIRECT_OBJC_ISA_USAGE = YES_ERROR;
				CLANG_WARN_DOCUMENTATION_COMMENTS = YES;
				CLANG_WARN_EMPTY_BODY = YES;
				CLANG_WARN_ENUM_CONVERSION = YES;
				CLANG_WARN_INFINITE_RECURSION = YES;
				CLANG_WARN_INT_CONVERSION = YES;
				CLANG_WARN_NON_LITERAL_NULL_CONVERSION = YES;
				CLANG_WARN_OBJC_IMPLICIT_RETAIN_SELF = YES;
				CLANG_WARN_OBJC_LITERAL_CONVERSION = YES;
				CLANG_WARN_OBJC_ROOT_CLASS = YES_ERROR;
				CLANG_WARN_QUOTED_INCLUDE_IN_FRAMEWORK_HEADER = YES;
				CLANG_WARN_RANGE_LOOP_ANALYSIS = YES;
				CLANG_WARN_STRICT_PROTOTYPES = YES;
				CLANG_WARN_SUSPICIOUS_MOVE = YES;
				CLANG_WARN_UNGUARDED_AVAILABILITY = YES_AGGRESSIVE;
				CLANG_WARN_UNREACHABLE_CODE = YES;
				CLANG_WARN__DUPLICATE_METHOD_MATCH = YES;
				COPY_PHASE_STRIP = NO;
				DEBUG_INFORMATION_FORMAT = "dwarf-with-dsym";
				ENABLE_NS_ASSERTIONS = NO;
				ENABLE_STRICT_OBJC_MSGSEND = YES;
				GCC_C_LANGUAGE_STANDARD = gnu11;
				GCC_NO_COMMON_BLOCKS = YES;
				GCC_WARN_64_TO_32_BIT_CONVERSION = YES;
				GCC_WARN_ABOUT_RETURN_TYPE = YES_ERROR;
				GCC_WARN_UNDECLARED_SELECTOR = YES;
				GCC_WARN_UNINITIALIZED_AUTOS = YES_AGGRESSIVE;
				GCC_WARN_UNUSED_FUNCTION = YES;
				GCC_WARN_UNUSED_VARIABLE = YES;
				IPHONEOS_DEPLOYMENT_TARGET = 16.0;
				MTL_ENABLE_DEBUG_INFO = NO;
				MTL_FAST_MATH = YES;
				SDKROOT = iphoneos;
				VALIDATE_PRODUCT = YES;
			};
			name = Release;
		};
		F5E716C12D14FA67004EB2C9 /* Debug */ = {
			isa = XCBuildConfiguration;
			buildSettings = {
				ASSETCATALOG_COMPILER_APPICON_NAME = AppIcon;
				ASSETCATALOG_COMPILER_GLOBAL_ACCENT_COLOR_NAME = AccentColor;
				CODE_SIGN_STYLE = Automatic;
				CURRENT_PROJECT_VERSION = 1;
				GENERATE_INFOPLIST_FILE = YES;
				INFOPLIST_FILE = SideProject/Info.plist;
				INFOPLIST_KEY_UIApplicationSupportsIndirectInputEvents = YES;
				INFOPLIST_KEY_UILaunchStoryboardName = LaunchScreen;
				INFOPLIST_KEY_UIMainStoryboardFile = Main;
				INFOPLIST_KEY_UISupportedInterfaceOrientations_iPad = "UIInterfaceOrientationPortrait UIInterfaceOrientationPortraitUpsideDown UIInterfaceOrientationLandscapeLeft UIInterfaceOrientationLandscapeRight";
				INFOPLIST_KEY_UISupportedInterfaceOrientations_iPhone = "UIInterfaceOrientationPortrait UIInterfaceOrientationLandscapeLeft UIInterfaceOrientationLandscapeRight";
				LD_RUNPATH_SEARCH_PATHS = (
					"$(inherited)",
					"@executable_path/Frameworks",
				);
				MARKETING_VERSION = 1.0;
				PRODUCT_BUNDLE_IDENTIFIER = TSMS.SideProject;
				PRODUCT_NAME = "$(TARGET_NAME)";
				SWIFT_EMIT_LOC_STRINGS = YES;
				TARGETED_DEVICE_FAMILY = "1,2";
			};
			name = Debug;
		};
		F5E716C22D14FA67004EB2C9 /* Release */ = {
			isa = XCBuildConfiguration;
			buildSettings = {
				ASSETCATALOG_COMPILER_APPICON_NAME = AppIcon;
				ASSETCATALOG_COMPILER_GLOBAL_ACCENT_COLOR_NAME = AccentColor;
				CODE_SIGN_STYLE = Automatic;
				CURRENT_PROJECT_VERSION = 1;
				GENERATE_INFOPLIST_FILE = YES;
				INFOPLIST_FILE = SideProject/Info.plist;
				INFOPLIST_KEY_UIApplicationSupportsIndirectInputEvents = YES;
				INFOPLIST_KEY_UILaunchStoryboardName = LaunchScreen;
				INFOPLIST_KEY_UIMainStoryboardFile = Main;
				INFOPLIST_KEY_UISupportedInterfaceOrientations_iPad = "UIInterfaceOrientationPortrait UIInterfaceOrientationPortraitUpsideDown UIInterfaceOrientationLandscapeLeft UIInterfaceOrientationLandscapeRight";
				INFOPLIST_KEY_UISupportedInterfaceOrientations_iPhone = "UIInterfaceOrientationPortrait UIInterfaceOrientationLandscapeLeft UIInterfaceOrientationLandscapeRight";
				LD_RUNPATH_SEARCH_PATHS = (
					"$(inherited)",
					"@executable_path/Frameworks",
				);
				MARKETING_VERSION = 1.0;
				PRODUCT_BUNDLE_IDENTIFIER = TSMS.SideProject;
				PRODUCT_NAME = "$(TARGET_NAME)";
				SWIFT_EMIT_LOC_STRINGS = YES;
				TARGETED_DEVICE_FAMILY = "1,2";
			};
			name = Release;
		};
		F5E716C42D14FA67004EB2C9 /* Debug */ = {
			isa = XCBuildConfiguration;
			buildSettings = {
				BUNDLE_LOADER = "$(TEST_HOST)";
				CODE_SIGN_STYLE = Automatic;
				CURRENT_PROJECT_VERSION = 1;
				GENERATE_INFOPLIST_FILE = YES;
				IPHONEOS_DEPLOYMENT_TARGET = 16.0;
				MARKETING_VERSION = 1.0;
				PRODUCT_BUNDLE_IDENTIFIER = TSMS.SideProjectTests;
				PRODUCT_NAME = "$(TARGET_NAME)";
				SWIFT_EMIT_LOC_STRINGS = NO;
				TARGETED_DEVICE_FAMILY = "1,2";
				TEST_HOST = "$(BUILT_PRODUCTS_DIR)/SideProject.app/$(BUNDLE_EXECUTABLE_FOLDER_PATH)/SideProject";
			};
			name = Debug;
		};
		F5E716C52D14FA67004EB2C9 /* Release */ = {
			isa = XCBuildConfiguration;
			buildSettings = {
				BUNDLE_LOADER = "$(TEST_HOST)";
				CODE_SIGN_STYLE = Automatic;
				CURRENT_PROJECT_VERSION = 1;
				GENERATE_INFOPLIST_FILE = YES;
				IPHONEOS_DEPLOYMENT_TARGET = 16.0;
				MARKETING_VERSION = 1.0;
				PRODUCT_BUNDLE_IDENTIFIER = TSMS.SideProjectTests;
				PRODUCT_NAME = "$(TARGET_NAME)";
				SWIFT_EMIT_LOC_STRINGS = NO;
				TARGETED_DEVICE_FAMILY = "1,2";
				TEST_HOST = "$(BUILT_PRODUCTS_DIR)/SideProject.app/$(BUNDLE_EXECUTABLE_FOLDER_PATH)/SideProject";
			};
			name = Release;
		};
		F5E716C72D14FA67004EB2C9 /* Debug */ = {
			isa = XCBuildConfiguration;
			buildSettings = {
				CODE_SIGN_STYLE = Automatic;
				CURRENT_PROJECT_VERSION = 1;
				GENERATE_INFOPLIST_FILE = YES;
				MARKETING_VERSION = 1.0;
				PRODUCT_BUNDLE_IDENTIFIER = TSMS.SideProjectUITests;
				PRODUCT_NAME = "$(TARGET_NAME)";
				SWIFT_EMIT_LOC_STRINGS = NO;
				TARGETED_DEVICE_FAMILY = "1,2";
				TEST_TARGET_NAME = SideProject;
			};
			name = Debug;
		};
		F5E716C82D14FA67004EB2C9 /* Release */ = {
			isa = XCBuildConfiguration;
			buildSettings = {
				CODE_SIGN_STYLE = Automatic;
				CURRENT_PROJECT_VERSION = 1;
				GENERATE_INFOPLIST_FILE = YES;
				MARKETING_VERSION = 1.0;
				PRODUCT_BUNDLE_IDENTIFIER = TSMS.SideProjectUITests;
				PRODUCT_NAME = "$(TARGET_NAME)";
				SWIFT_EMIT_LOC_STRINGS = NO;
				TARGETED_DEVICE_FAMILY = "1,2";
				TEST_TARGET_NAME = SideProject;
			};
			name = Release;
		};
/* End XCBuildConfiguration section */

/* Begin XCConfigurationList section */
		F5E7168C2D14FA65004EB2C9 /* Build configuration list for PBXProject "SideProject" */ = {
			isa = XCConfigurationList;
			buildConfigurations = (
				F5E716BE2D14FA67004EB2C9 /* Debug */,
				F5E716BF2D14FA67004EB2C9 /* Release */,
			);
			defaultConfigurationIsVisible = 0;
			defaultConfigurationName = Release;
		};
		F5E716C02D14FA67004EB2C9 /* Build configuration list for PBXNativeTarget "SideProject" */ = {
			isa = XCConfigurationList;
			buildConfigurations = (
				F5E716C12D14FA67004EB2C9 /* Debug */,
				F5E716C22D14FA67004EB2C9 /* Release */,
			);
			defaultConfigurationIsVisible = 0;
			defaultConfigurationName = Release;
		};
		F5E716C32D14FA67004EB2C9 /* Build configuration list for PBXNativeTarget "SideProjectTests" */ = {
			isa = XCConfigurationList;
			buildConfigurations = (
				F5E716C42D14FA67004EB2C9 /* Debug */,
				F5E716C52D14FA67004EB2C9 /* Release */,
			);
			defaultConfigurationIsVisible = 0;
			defaultConfigurationName = Release;
		};
		F5E716C62D14FA67004EB2C9 /* Build configuration list for PBXNativeTarget "SideProjectUITests" */ = {
			isa = XCConfigurationList;
			buildConfigurations = (
				F5E716C72D14FA67004EB2C9 /* Debug */,
				F5E716C82D14FA67004EB2C9 /* Release */,
			);
			defaultConfigurationIsVisible = 0;
			defaultConfigurationName = Release;
		};
/* End XCConfigurationList section */
	};
	rootObject = F5E716892D14FA65004EB2C9 /* Project object */;
}
